
Microsoft Visual Studio Solution File, Format Version 12.00
# Visual Studio Version 16
VisualStudioVersion = 16.0.29215.179
MinimumVisualStudioVersion = 10.0.40219.1
Project("{FAE04EC0-301F-11D3-BF4B-00C04F79EFBC}") = "Assignment_F19", "Assignment_F19\Assignment_F19.csproj", "{F1A21D91-E552-4191-A7D3-CE716E5586EB}"
EndProject
Global
	GlobalSection(SolutionConfigurationPlatforms) = preSolution
		Debug|Any CPU = Debug|Any CPU
		Release|Any CPU = Release|Any CPU
	EndGlobalSection
	GlobalSection(ProjectConfigurationPlatforms) = postSolution
		{F1A21D91-E552-4191-A7D3-CE716E5586EB}.Debug|Any CPU.ActiveCfg = Debug|Any CPU
		{F1A21D91-E552-4191-A7D3-CE716E5586EB}.Debug|Any CPU.Build.0 = Debug|Any CPU
		{F1A21D91-E552-4191-A7D3-CE716E5586EB}.Release|Any CPU.ActiveCfg = Release|Any CPU
		{F1A21D91-E552-4191-A7D3-CE716E5586EB}.Release|Any CPU.Build.0 = Release|Any CPU
	EndGlobalSection
	GlobalSection(SolutionProperties) = preSolution
		HideSolutionNode = FALSE
	EndGlobalSection
	GlobalSection(ExtensibilityGlobals) = postSolution
		SolutionGuid = {54D9FB52-DF2D-4077-9096-DD8FE358AB9D}
	EndGlobalSection
EndGlobal
